// !$*UTF8*$!
{
	archiveVersion = 1;
	classes = {
	};
	objectVersion = 46;
	objects = {

/* Begin PBXBuildFile section */
		434582A81E16A7B500BA91D2 /* main.m in Sources */ = {isa = PBXBuildFile; fileRef = 434582A71E16A7B500BA91D2 /* main.m */; };
		434582AB1E16A7B500BA91D2 /* AppDelegate.m in Sources */ = {isa = PBXBuildFile; fileRef = 434582AA1E16A7B500BA91D2 /* AppDelegate.m */; };
		434582AE1E16A7B500BA91D2 /* ViewController.m in Sources */ = {isa = PBXBuildFile; fileRef = 434582AD1E16A7B500BA91D2 /* ViewController.m */; };
		434582B11E16A7B500BA91D2 /* Main.storyboard in Resources */ = {isa = PBXBuildFile; fileRef = 434582AF1E16A7B500BA91D2 /* Main.storyboard */; };
		434582B31E16A7B500BA91D2 /* Assets.xcassets in Resources */ = {isa = PBXBuildFile; fileRef = 434582B21E16A7B500BA91D2 /* Assets.xcassets */; };
		434582B61E16A7B500BA91D2 /* LaunchScreen.storyboard in Resources */ = {isa = PBXBuildFile; fileRef = 434582B41E16A7B500BA91D2 /* LaunchScreen.storyboard */; };
		434582C11E16A7B500BA91D2 /* Demo1Tests.m in Sources */ = {isa = PBXBuildFile; fileRef = 434582C01E16A7B500BA91D2 /* Demo1Tests.m */; };
		434582CC1E16A7B600BA91D2 /* Demo1UITests.m in Sources */ = {isa = PBXBuildFile; fileRef = 434582CB1E16A7B600BA91D2 /* Demo1UITests.m */; };
/* End PBXBuildFile section */

/* Begin PBXContainerItemProxy section */
		434582BD1E16A7B500BA91D2 /* PBXContainerItemProxy */ = {
			isa = PBXContainerItemProxy;
			containerPortal = 4345829B1E16A7B500BA91D2 /* Project object */;
			proxyType = 1;
			remoteGlobalIDString = 434582A21E16A7B500BA91D2;
			remoteInfo = Demo1;
		};
		434582C81E16A7B600BA91D2 /* PBXContainerItemProxy */ = {
			isa = PBXContainerItemProxy;
			containerPortal = 4345829B1E16A7B500BA91D2 /* Project object */;
			proxyType = 1;
			remoteGlobalIDString = 434582A21E16A7B500BA91D2;
			remoteInfo = Demo1;
		};
/* End PBXContainerItemProxy section */

/* Begin PBXFileReference section */
		434582A31E16A7B500BA91D2 /* Demo1.app */ = {isa = PBXFileReference; explicitFileType = wrapper.application; includeInIndex = 0; path = Demo1.app; sourceTree = BUILT_PRODUCTS_DIR; };
		434582A71E16A7B500BA91D2 /* main.m */ = {isa = PBXFileReference; lastKnownFileType = sourcecode.c.objc; path = main.m; sourceTree = "<group>"; };
		434582A91E16A7B500BA91D2 /* AppDelegate.h */ = {isa = PBXFileReference; lastKnownFileType = sourcecode.c.h; path = AppDelegate.h; sourceTree = "<group>"; };
		434582AA1E16A7B500BA91D2 /* AppDelegate.m */ = {isa = PBXFileReference; lastKnownFileType = sourcecode.c.objc; path = AppDelegate.m; sourceTree = "<group>"; };
		434582AC1E16A7B500BA91D2 /* ViewController.h */ = {isa = PBXFileReference; lastKnownFileType = sourcecode.c.h; path = ViewController.h; sourceTree = "<group>"; };
		434582AD1E16A7B500BA91D2 /* ViewController.m */ = {isa = PBXFileReference; lastKnownFileType = sourcecode.c.objc; path = ViewController.m; sourceTree = "<group>"; };
		434582B01E16A7B500BA91D2 /* Base */ = {isa = PBXFileReference; lastKnownFileType = file.storyboard; name = Base; path = Base.lproj/Main.storyboard; sourceTree = "<group>"; };
		434582B21E16A7B500BA91D2 /* Assets.xcassets */ = {isa = PBXFileReference; lastKnownFileType = folder.assetcatalog; path = Assets.xcassets; sourceTree = "<group>"; };
		434582B51E16A7B500BA91D2 /* Base */ = {isa = PBXFileReference; lastKnownFileType = file.storyboard; name = Base; path = Base.lproj/LaunchScreen.storyboard; sourceTree = "<group>"; };
		434582B71E16A7B500BA91D2 /* Info.plist */ = {isa = PBXFileReference; lastKnownFileType = text.plist.xml; path = Info.plist; sourceTree = "<group>"; };
		434582BC1E16A7B500BA91D2 /* Demo1Tests.xctest */ = {isa = PBXFileReference; explicitFileType = wrapper.cfbundle; includeInIndex = 0; path = Demo1Tests.xctest; sourceTree = BUILT_PRODUCTS_DIR; };
		434582C01E16A7B500BA91D2 /* Demo1Tests.m */ = {isa = PBXFileReference; lastKnownFileType = sourcecode.c.objc; path = Demo1Tests.m; sourceTree = "<group>"; };
		434582C21E16A7B500BA91D2 /* Info.plist */ = {isa = PBXFileReference; lastKnownFileType = text.plist.xml; path = Info.plist; sourceTree = "<group>"; };
		434582C71E16A7B500BA91D2 /* Demo1UITests.xctest */ = {isa = PBXFileReference; explicitFileType = wrapper.cfbundle; includeInIndex = 0; path = Demo1UITests.xctest; sourceTree = BUILT_PRODUCTS_DIR; };
		434582CB1E16A7B600BA91D2 /* Demo1UITests.m */ = {isa = PBXFileReference; lastKnownFileType = sourcecode.c.objc; path = Demo1UITests.m; sourceTree = "<group>"; };
		434582CD1E16A7B600BA91D2 /* Info.plist */ = {isa = PBXFileReference; lastKnownFileType = text.plist.xml; path = Info.plist; sourceTree = "<group>"; };
/* End PBXFileReference section */

/* Begin PBXFrameworksBuildPhase section */
		434582A01E16A7B500BA91D2 /* Frameworks */ = {
			isa = PBXFrameworksBuildPhase;
			buildActionMask = 2147483647;
			files = (
			);
			runOnlyForDeploymentPostprocessing = 0;
		};
		434582B91E16A7B500BA91D2 /* Frameworks */ = {
			isa = PBXFrameworksBuildPhase;
			buildActionMask = 2147483647;
			files = (
			);
			runOnlyForDeploymentPostprocessing = 0;
		};
		434582C41E16A7B500BA91D2 /* Frameworks */ = {
			isa = PBXFrameworksBuildPhase;
			buildActionMask = 2147483647;
			files = (
			);
			runOnlyForDeploymentPostprocessing = 0;
		};
/* End PBXFrameworksBuildPhase section */

/* Begin PBXGroup section */
		4345829A1E16A7B500BA91D2 = {
			isa = PBXGroup;
			children = (
				434582A51E16A7B500BA91D2 /* Demo1 */,
				434582BF1E16A7B500BA91D2 /* Demo1Tests */,
				434582CA1E16A7B600BA91D2 /* Demo1UITests */,
				434582A41E16A7B500BA91D2 /* Products */,
			);
			sourceTree = "<group>";
		};
		434582A41E16A7B500BA91D2 /* Products */ = {
			isa = PBXGroup;
			children = (
				434582A31E16A7B500BA91D2 /* Demo1.app */,
				434582BC1E16A7B500BA91D2 /* Demo1Tests.xctest */,
				434582C71E16A7B500BA91D2 /* Demo1UITests.xctest */,
			);
			name = Products;
			sourceTree = "<group>";
		};
		434582A51E16A7B500BA91D2 /* Demo1 */ = {
			isa = PBXGroup;
			children = (
				434582A91E16A7B500BA91D2 /* AppDelegate.h */,
				434582AA1E16A7B500BA91D2 /* AppDelegate.m */,
				434582AC1E16A7B500BA91D2 /* ViewController.h */,
				434582AD1E16A7B500BA91D2 /* ViewController.m */,
				434582AF1E16A7B500BA91D2 /* Main.storyboard */,
				434582B21E16A7B500BA91D2 /* Assets.xcassets */,
				434582B41E16A7B500BA91D2 /* LaunchScreen.storyboard */,
				434582B71E16A7B500BA91D2 /* Info.plist */,
				434582A61E16A7B500BA91D2 /* Supporting Files */,
			);
			path = Demo1;
			sourceTree = "<group>";
		};
		434582A61E16A7B500BA91D2 /* Supporting Files */ = {
			isa = PBXGroup;
			children = (
				434582A71E16A7B500BA91D2 /* main.m */,
			);
			name = "Supporting Files";
			sourceTree = "<group>";
		};
		434582BF1E16A7B500BA91D2 /* Demo1Tests */ = {
			isa = PBXGroup;
			children = (
				434582C01E16A7B500BA91D2 /* Demo1Tests.m */,
				434582C21E16A7B500BA91D2 /* Info.plist */,
			);
			path = Demo1Tests;
			sourceTree = "<group>";
		};
		434582CA1E16A7B600BA91D2 /* Demo1UITests */ = {
			isa = PBXGroup;
			children = (
				434582CB1E16A7B600BA91D2 /* Demo1UITests.m */,
				434582CD1E16A7B600BA91D2 /* Info.plist */,
			);
			path = Demo1UITests;
			sourceTree = "<group>";
		};
/* End PBXGroup section */

/* Begin PBXNativeTarget section */
		434582A21E16A7B500BA91D2 /* Demo1 */ = {
			isa = PBXNativeTarget;
			buildConfigurationList = 434582D01E16A7B600BA91D2 /* Build configuration list for PBXNativeTarget "Demo1" */;
			buildPhases = (
				4345829F1E16A7B500BA91D2 /* Sources */,
				434582A01E16A7B500BA91D2 /* Frameworks */,
				434582A11E16A7B500BA91D2 /* Resources */,
			);
			buildRules = (
			);
			dependencies = (
			);
			name = Demo1;
			productName = Demo1;
			productReference = 434582A31E16A7B500BA91D2 /* Demo1.app */;
			productType = "com.apple.product-type.application";
		};
		434582BB1E16A7B500BA91D2 /* Demo1Tests */ = {
			isa = PBXNativeTarget;
			buildConfigurationList = 434582D31E16A7B600BA91D2 /* Build configuration list for PBXNativeTarget "Demo1Tests" */;
			buildPhases = (
				434582B81E16A7B500BA91D2 /* Sources */,
				434582B91E16A7B500BA91D2 /* Frameworks */,
				434582BA1E16A7B500BA91D2 /* Resources */,
			);
			buildRules = (
			);
			dependencies = (
				434582BE1E16A7B500BA91D2 /* PBXTargetDependency */,
			);
			name = Demo1Tests;
			productName = Demo1Tests;
			productReference = 434582BC1E16A7B500BA91D2 /* Demo1Tests.xctest */;
			productType = "com.apple.product-type.bundle.unit-test";
		};
		434582C61E16A7B500BA91D2 /* Demo1UITests */ = {
			isa = PBXNativeTarget;
			buildConfigurationList = 434582D61E16A7B600BA91D2 /* Build configuration list for PBXNativeTarget "Demo1UITests" */;
			buildPhases = (
				434582C31E16A7B500BA91D2 /* Sources */,
				434582C41E16A7B500BA91D2 /* Frameworks */,
				434582C51E16A7B500BA91D2 /* Resources */,
			);
			buildRules = (
			);
			dependencies = (
				434582C91E16A7B600BA91D2 /* PBXTargetDependency */,
			);
			name = Demo1UITests;
			productName = Demo1UITests;
			productReference = 434582C71E16A7B500BA91D2 /* Demo1UITests.xctest */;
			productType = "com.apple.product-type.bundle.ui-testing";
		};
/* End PBXNativeTarget section */

/* Begin PBXProject section */
		4345829B1E16A7B500BA91D2 /* Project object */ = {
			isa = PBXProject;
			attributes = {
				LastUpgradeCheck = 0810;
				ORGANIZATIONNAME = zhou_sir;
				TargetAttributes = {
					434582A21E16A7B500BA91D2 = {
						CreatedOnToolsVersion = 8.1;
						DevelopmentTeam = 288A9929U8;
						ProvisioningStyle = Automatic;
					};
					434582BB1E16A7B500BA91D2 = {
						CreatedOnToolsVersion = 8.1;
						DevelopmentTeam = 288A9929U8;
						ProvisioningStyle = Automatic;
						TestTargetID = 434582A21E16A7B500BA91D2;
					};
					434582C61E16A7B500BA91D2 = {
						CreatedOnToolsVersion = 8.1;
						DevelopmentTeam = 288A9929U8;
						ProvisioningStyle = Automatic;
						TestTargetID = 434582A21E16A7B500BA91D2;
					};
				};
			};
			buildConfigurationList = 4345829E1E16A7B500BA91D2 /* Build configuration list for PBXProject "Demo1" */;
			compatibilityVersion = "Xcode 3.2";
			developmentRegion = English;
			hasScannedForEncodings = 0;
			knownRegions = (
				en,
				Base,
			);
			mainGroup = 4345829A1E16A7B500BA91D2;
			productRefGroup = 434582A41E16A7B500BA91D2 /* Products */;
			projectDirPath = "";
			projectRoot = "";
			targets = (
				434582A21E16A7B500BA91D2 /* Demo1 */,
				434582BB1E16A7B500BA91D2 /* Demo1Tests */,
				434582C61E16A7B500BA91D2 /* Demo1UITests */,
			);
		};
/* End PBXProject section */

/* Begin PBXResourcesBuildPhase section */
		434582A11E16A7B500BA91D2 /* Resources */ = {
			isa = PBXResourcesBuildPhase;
			buildActionMask = 2147483647;
			files = (
				434582B61E16A7B500BA91D2 /* LaunchScreen.storyboard in Resources */,
				434582B31E16A7B500BA91D2 /* Assets.xcassets in Resources */,
				434582B11E16A7B500BA91D2 /* Main.storyboard in Resources */,
			);
			runOnlyForDeploymentPostprocessing = 0;
		};
		434582BA1E16A7B500BA91D2 /* Resources */ = {
			isa = PBXResourcesBuildPhase;
			buildActionMask = 2147483647;
			files = (
			);
			runOnlyForDeploymentPostprocessing = 0;
		};
		434582C51E16A7B500BA91D2 /* Resources */ = {
			isa = PBXResourcesBuildPhase;
			buildActionMask = 2147483647;
			files = (
			);
			runOnlyForDeploymentPostprocessing = 0;
		};
/* End PBXResourcesBuildPhase section */

/* Begin PBXSourcesBuildPhase section */
		4345829F1E16A7B500BA91D2 /* Sources */ = {
			isa = PBXSourcesBuildPhase;
			buildActionMask = 2147483647;
			files = (
				434582AE1E16A7B500BA91D2 /* ViewController.m in Sources */,
				434582AB1E16A7B500BA91D2 /* AppDelegate.m in Sources */,
				434582A81E16A7B500BA91D2 /* main.m in Sources */,
			);
			runOnlyForDeploymentPostprocessing = 0;
		};
		434582B81E16A7B500BA91D2 /* Sources */ = {
			isa = PBXSourcesBuildPhase;
			buildActionMask = 2147483647;
			files = (
				434582C11E16A7B500BA91D2 /* Demo1Tests.m in Sources */,
			);
			runOnlyForDeploymentPostprocessing = 0;
		};
		434582C31E16A7B500BA91D2 /* Sources */ = {
			isa = PBXSourcesBuildPhase;
			buildActionMask = 2147483647;
			files = (
				434582CC1E16A7B600BA91D2 /* Demo1UITests.m in Sources */,
			);
			runOnlyForDeploymentPostprocessing = 0;
		};
/* End PBXSourcesBuildPhase section */

/* Begin PBXTargetDependency section */
		434582BE1E16A7B500BA91D2 /* PBXTargetDependency */ = {
			isa = PBXTargetDependency;
			target = 434582A21E16A7B500BA91D2 /* Demo1 */;
			targetProxy = 434582BD1E16A7B500BA91D2 /* PBXContainerItemProxy */;
		};
		434582C91E16A7B600BA91D2 /* PBXTargetDependency */ = {
			isa = PBXTargetDependency;
			target = 434582A21E16A7B500BA91D2 /* Demo1 */;
			targetProxy = 434582C81E16A7B600BA91D2 /* PBXContainerItemProxy */;
		};
/* End PBXTargetDependency section */

/* Begin PBXVariantGroup section */
		434582AF1E16A7B500BA91D2 /* Main.storyboard */ = {
			isa = PBXVariantGroup;
			children = (
				434582B01E16A7B500BA91D2 /* Base */,
			);
			name = Main.storyboard;
			sourceTree = "<group>";
		};
		434582B41E16A7B500BA91D2 /* LaunchScreen.storyboard */ = {
			isa = PBXVariantGroup;
			children = (
				434582B51E16A7B500BA91D2 /* Base */,
			);
			name = LaunchScreen.storyboard;
			sourceTree = "<group>";
		};
/* End PBXVariantGroup section */

/* Begin XCBuildConfiguration section */
		434582CE1E16A7B600BA91D2 /* Debug */ = {
			isa = XCBuildConfiguration;
			buildSettings = {
				ALWAYS_SEARCH_USER_PATHS = NO;
				CLANG_ANALYZER_NONNULL = YES;
				CLANG_CXX_LANGUAGE_STANDARD = "gnu++0x";
				CLANG_CXX_LIBRARY = "libc++";
				CLANG_ENABLE_MODULES = YES;
				CLANG_ENABLE_OBJC_ARC = YES;
				CLANG_WARN_BOOL_CONVERSION = YES;
				CLANG_WARN_CONSTANT_CONVERSION = YES;
				CLANG_WARN_DIRECT_OBJC_ISA_USAGE = YES_ERROR;
				CLANG_WARN_DOCUMENTATION_COMMENTS = YES;
				CLANG_WARN_EMPTY_BODY = YES;
				CLANG_WARN_ENUM_CONVERSION = YES;
				CLANG_WARN_INFINITE_RECURSION = YES;
				CLANG_WARN_INT_CONVERSION = YES;
				CLANG_WARN_OBJC_ROOT_CLASS = YES_ERROR;
				CLANG_WARN_SUSPICIOUS_MOVES = YES;
				CLANG_WARN_UNREACHABLE_CODE = YES;
				CLANG_WARN__DUPLICATE_METHOD_MATCH = YES;
				"CODE_SIGN_IDENTITY[sdk=iphoneos*]" = "iPhone Developer";
				COPY_PHASE_STRIP = NO;
				DEBUG_INFORMATION_FORMAT = dwarf;
				ENABLE_STRICT_OBJC_MSGSEND = YES;
				ENABLE_TESTABILITY = YES;
				GCC_C_LANGUAGE_STANDARD = gnu99;
				GCC_DYNAMIC_NO_PIC = NO;
				GCC_NO_COMMON_BLOCKS = YES;
				GCC_OPTIMIZATION_LEVEL = 0;
				GCC_PREPROCESSOR_DEFINITIONS = (
					"DEBUG=1",
					"$(inherited)",
				);
				GCC_WARN_64_TO_32_BIT_CONVERSION = YES;
				GCC_WARN_ABOUT_RETURN_TYPE = YES_ERROR;
				GCC_WARN_UNDECLARED_SELECTOR = YES;
				GCC_WARN_UNINITIALIZED_AUTOS = YES_AGGRESSIVE;
				GCC_WARN_UNUSED_FUNCTION = YES;
				GCC_WARN_UNUSED_VARIABLE = YES;
				IPHONEOS_DEPLOYMENT_TARGET = 10.1;
				MTL_ENABLE_DEBUG_INFO = YES;
				ONLY_ACTIVE_ARCH = YES;
				SDKROOT = iphoneos;
			};
			name = Debug;
		};
		434582CF1E16A7B600BA91D2 /* Release */ = {
			isa = XCBuildConfiguration;
			buildSettings = {
				ALWAYS_SEARCH_USER_PATHS = NO;
				CLANG_ANALYZER_NONNULL = YES;
				CLANG_CXX_LANGUAGE_STANDARD = "gnu++0x";
				CLANG_CXX_LIBRARY = "libc++";
				CLANG_ENABLE_MODULES = YES;
				CLANG_ENABLE_OBJC_ARC = YES;
				CLANG_WARN_BOOL_CONVERSION = YES;
				CLANG_WARN_CONSTANT_CONVERSION = YES;
				CLANG_WARN_DIRECT_OBJC_ISA_USAGE = YES_ERROR;
				CLANG_WARN_DOCUMENTATION_COMMENTS = YES;
				CLANG_WARN_EMPTY_BODY = YES;
				CLANG_WARN_ENUM_CONVERSION = YES;
				CLANG_WARN_INFINITE_RECURSION = YES;
				CLANG_WARN_INT_CONVERSION = YES;
				CLANG_WARN_OBJC_ROOT_CLASS = YES_ERROR;
				CLANG_WARN_SUSPICIOUS_MOVES = YES;
				CLANG_WARN_UNREACHABLE_CODE = YES;
				CLANG_WARN__DUPLICATE_METHOD_MATCH = YES;
				"CODE_SIGN_IDENTITY[sdk=iphoneos*]" = "iPhone Developer";
				COPY_PHASE_STRIP = NO;
				DEBUG_INFORMATION_FORMAT = "dwarf-with-dsym";
				ENABLE_NS_ASSERTIONS = NO;
				ENABLE_STRICT_OBJC_MSGSEND = YES;
				GCC_C_LANGUAGE_STANDARD = gnu99;
				GCC_NO_COMMON_BLOCKS = YES;
				GCC_WARN_64_TO_32_BIT_CONVERSION = YES;
				GCC_WARN_ABOUT_RETURN_TYPE = YES_ERROR;
				GCC_WARN_UNDECLARED_SELECTOR = YES;
				GCC_WARN_UNINITIALIZED_AUTOS = YES_AGGRESSIVE;
				GCC_WARN_UNUSED_FUNCTION = YES;
				GCC_WARN_UNUSED_VARIABLE = YES;
				IPHONEOS_DEPLOYMENT_TARGET = 10.1;
				MTL_ENABLE_DEBUG_INFO = NO;
				SDKROOT = iphoneos;
				VALIDATE_PRODUCT = YES;
			};
			name = Release;
		};
		434582D11E16A7B600BA91D2 /* Debug */ = {
			isa = XCBuildConfiguration;
			buildSettings = {
				ASSETCATALOG_COMPILER_APPICON_NAME = AppIcon;
				DEVELOPMENT_TEAM = 288A9929U8;
				INFOPLIST_FILE = Demo1/Info.plist;
				LD_RUNPATH_SEARCH_PATHS = "$(inherited) @executable_path/Frameworks";
				PRODUCT_BUNDLE_IDENTIFIER = "zhou-sir.Demo1";
				PRODUCT_NAME = "$(TARGET_NAME)";
			};
			name = Debug;
		};
		434582D21E16A7B600BA91D2 /* Release */ = {
			isa = XCBuildConfiguration;
			buildSettings = {
				ASSETCATALOG_COMPILER_APPICON_NAME = AppIcon;
				DEVELOPMENT_TEAM = 288A9929U8;
				INFOPLIST_FILE = Demo1/Info.plist;
				LD_RUNPATH_SEARCH_PATHS = "$(inherited) @executable_path/Frameworks";
				PRODUCT_BUNDLE_IDENTIFIER = "zhou-sir.Demo1";
				PRODUCT_NAME = "$(TARGET_NAME)";
			};
			name = Release;
		};
		434582D41E16A7B600BA91D2 /* Debug */ = {
			isa = XCBuildConfiguration;
			buildSettings = {
				BUNDLE_LOADER = "$(TEST_HOST)";
				DEVELOPMENT_TEAM = 288A9929U8;
				INFOPLIST_FILE = Demo1Tests/Info.plist;
				LD_RUNPATH_SEARCH_PATHS = "$(inherited) @executable_path/Frameworks @loader_path/Frameworks";
				PRODUCT_BUNDLE_IDENTIFIER = "zhou-sir.Demo1Tests";
				PRODUCT_NAME = "$(TARGET_NAME)";
				TEST_HOST = "$(BUILT_PRODUCTS_DIR)/Demo1.app/Demo1";
			};
			name = Debug;
		};
		434582D51E16A7B600BA91D2 /* Release */ = {
			isa = XCBuildConfiguration;
			buildSettings = {
				BUNDLE_LOADER = "$(TEST_HOST)";
				DEVELOPMENT_TEAM = 288A9929U8;
				INFOPLIST_FILE = Demo1Tests/Info.plist;
				LD_RUNPATH_SEARCH_PATHS = "$(inherited) @executable_path/Frameworks @loader_path/Frameworks";
				PRODUCT_BUNDLE_IDENTIFIER = "zhou-sir.Demo1Tests";
				PRODUCT_NAME = "$(TARGET_NAME)";
				TEST_HOST = "$(BUILT_PRODUCTS_DIR)/Demo1.app/Demo1";
			};
			name = Release;
		};
		434582D71E16A7B600BA91D2 /* Debug */ = {
			isa = XCBuildConfiguration;
			buildSettings = {
				DEVELOPMENT_TEAM = 288A9929U8;
				INFOPLIST_FILE = Demo1UITests/Info.plist;
				LD_RUNPATH_SEARCH_PATHS = "$(inherited) @executable_path/Frameworks @loader_path/Frameworks";
				PRODUCT_BUNDLE_IDENTIFIER = "zhou-sir.Demo1UITests";
				PRODUCT_NAME = "$(TARGET_NAME)";
				TEST_TARGET_NAME = Demo1;
			};
			name = Debug;
		};
		434582D81E16A7B600BA91D2 /* Release */ = {
			isa = XCBuildConfiguration;
			buildSettings = {
				DEVELOPMENT_TEAM = 288A9929U8;
				INFOPLIST_FILE = Demo1UITests/Info.plist;
				LD_RUNPATH_SEARCH_PATHS = "$(inherited) @executable_path/Frameworks @loader_path/Frameworks";
				PRODUCT_BUNDLE_IDENTIFIER = "zhou-sir.Demo1UITests";
				PRODUCT_NAME = "$(TARGET_NAME)";
				TEST_TARGET_NAME = Demo1;
			};
			name = Release;
		};
/* End XCBuildConfiguration section */

/* Begin XCConfigurationList section */
		4345829E1E16A7B500BA91D2 /* Build configuration list for PBXProject "Demo1" */ = {
			isa = XCConfigurationList;
			buildConfigurations = (
				434582CE1E16A7B600BA91D2 /* Debug */,
				434582CF1E16A7B600BA91D2 /* Release */,
			);
			defaultConfigurationIsVisible = 0;
			defaultConfigurationName = Release;
		};
		434582D01E16A7B600BA91D2 /* Build configuration list for PBXNativeTarget "Demo1" */ = {
			isa = XCConfigurationList;
			buildConfigurations = (
				434582D11E16A7B600BA91D2 /* Debug */,
				434582D21E16A7B600BA91D2 /* Release */,
			);
			defaultConfigurationIsVisible = 0;
		};
		434582D31E16A7B600BA91D2 /* Build configuration list for PBXNativeTarget "Demo1Tests" */ = {
			isa = XCConfigurationList;
			buildConfigurations = (
				434582D41E16A7B600BA91D2 /* Debug */,
				434582D51E16A7B600BA91D2 /* Release */,
			);
			defaultConfigurationIsVisible = 0;
		};
		434582D61E16A7B600BA91D2 /* Build configuration list for PBXNativeTarget "Demo1UITests" */ = {
			isa = XCConfigurationList;
			buildConfigurations = (
				434582D71E16A7B600BA91D2 /* Debug */,
				434582D81E16A7B600BA91D2 /* Release */,
			);
			defaultConfigurationIsVisible = 0;
		};
/* End XCConfigurationList section */
	};
	rootObject = 4345829B1E16A7B500BA91D2 /* Project object */;
}
